
Microsoft Visual Studio Solution File, Format Version 12.00
# Visual Studio Version 16
VisualStudioVersion = 16.0.31729.503
MinimumVisualStudioVersion = 10.0.40219.1
Project("{FAE04EC0-301F-11D3-BF4B-00C04F79EFBC}") = "MCD_XMLIslemleri", "MCD_XMLIslemleri\MCD_XMLIslemleri.csproj", "{9FB8C84C-80A9-4668-9C47-711EFCFB7586}"
EndProject
Global
	GlobalSection(SolutionConfigurationPlatforms) = preSolution
		Debug|Any CPU = Debug|Any CPU
		Release|Any CPU = Release|Any CPU
	EndGlobalSection
	GlobalSection(ProjectConfigurationPlatforms) = postSolution
		{9FB8C84C-80A9-4668-9C47-711EFCFB7586}.Debug|Any CPU.ActiveCfg = Debug|Any CPU
		{9FB8C84C-80A9-4668-9C47-711EFCFB7586}.Debug|Any CPU.Build.0 = Debug|Any CPU
		{9FB8C84C-80A9-4668-9C47-711EFCFB7586}.Release|Any CPU.ActiveCfg = Release|Any CPU
		{9FB8C84C-80A9-4668-9C47-711EFCFB7586}.Release|Any CPU.Build.0 = Release|Any CPU
	EndGlobalSection
	GlobalSection(SolutionProperties) = preSolution
		HideSolutionNode = FALSE
	EndGlobalSection
	GlobalSection(ExtensibilityGlobals) = postSolution
		SolutionGuid = {280F96E2-65AB-42F0-9108-BF5050BB0771}
	EndGlobalSection
EndGlobal
